
Microsoft Visual Studio Solution File, Format Version 12.00
# Visual Studio Version 17
VisualStudioVersion = 17.14.37111.16 d17.14
MinimumVisualStudioVersion = 10.0.40219.1
Project("{FAE04EC0-301F-11D3-BF4B-00C04F79EFBC}") = "l1_OOP", "l1_OOP.csproj", "{F61F77E8-A37B-4BBE-B0A1-F90A0066AFCE}"
EndProject
Global
	GlobalSection(SolutionConfigurationPlatforms) = preSolution
		Debug|Any CPU = Debug|Any CPU
		Release|Any CPU = Release|Any CPU
	EndGlobalSection
	GlobalSection(ProjectConfigurationPlatforms) = postSolution
		{F61F77E8-A37B-4BBE-B0A1-F90A0066AFCE}.Debug|Any CPU.ActiveCfg = Debug|Any CPU
		{F61F77E8-A37B-4BBE-B0A1-F90A0066AFCE}.Debug|Any CPU.Build.0 = Debug|Any CPU
		{F61F77E8-A37B-4BBE-B0A1-F90A0066AFCE}.Release|Any CPU.ActiveCfg = Release|Any CPU
		{F61F77E8-A37B-4BBE-B0A1-F90A0066AFCE}.Release|Any CPU.Build.0 = Release|Any CPU
	EndGlobalSection
	GlobalSection(SolutionProperties) = preSolution
		HideSolutionNode = FALSE
	EndGlobalSection
	GlobalSection(ExtensibilityGlobals) = postSolution
		SolutionGuid = {3C4FA5A7-CD5D-458E-97A5-6258A47940F6}
	EndGlobalSection
EndGlobal
